Microsoft Visual Studio Solution File, Format Version 11.00
# Visual Studio 2008

Project("{C78E9411-4C68-7B6A-B71F-E3CE1764906C}") = "LightingMapping", "Assembly-CSharp.csproj", "{B2D9D7AA-35E6-136F-C85F-ECC3168B90B5}"
EndProject
Global
	GlobalSection(SolutionConfigurationPlatforms) = preSolution
		Debug|Any CPU = Debug|Any CPU
		Release|Any CPU = Release|Any CPU
	EndGlobalSection
	GlobalSection(ProjectConfigurationPlatforms) = postSolution
		{B2D9D7AA-35E6-136F-C85F-ECC3168B90B5}.Debug|Any CPU.ActiveCfg = Debug|Any CPU
		{B2D9D7AA-35E6-136F-C85F-ECC3168B90B5}.Debug|Any CPU.Build.0 = Debug|Any CPU
		{B2D9D7AA-35E6-136F-C85F-ECC3168B90B5}.Release|Any CPU.ActiveCfg = Release|Any CPU
		{B2D9D7AA-35E6-136F-C85F-ECC3168B90B5}.Release|Any CPU.Build.0 = Release|Any CPU
	EndGlobalSection
	GlobalSection(SolutionProperties) = preSolution
		HideSolutionNode = FALSE
	EndGlobalSection
	GlobalSection(MonoDevelopProperties) = preSolution
		StartupItem = Assembly-CSharp.csproj
	EndGlobalSection
EndGlobal
