Microsoft Visual Studio Solution File, Format Version 11.00
# Visual Studio 2008

Project("{AC19EF00-32AB-9692-090B-7C2DF9319B52}") = "ARMobileTexture", "Assembly-CSharp.csproj", "{946D2E51-5E3D-C0B8-5E45-029B74BAF8D4}"
EndProject
Project("{AC19EF00-32AB-9692-090B-7C2DF9319B52}") = "ARMobileTexture", "Assembly-CSharp-Editor.csproj", "{61F00D57-126C-3E6B-E306-327E26CEFBEC}"
EndProject
Global
	GlobalSection(SolutionConfigurationPlatforms) = preSolution
		Debug|Any CPU = Debug|Any CPU
		Release|Any CPU = Release|Any CPU
	EndGlobalSection
	GlobalSection(ProjectConfigurationPlatforms) = postSolution
		{946D2E51-5E3D-C0B8-5E45-029B74BAF8D4}.Debug|Any CPU.ActiveCfg = Debug|Any CPU
		{946D2E51-5E3D-C0B8-5E45-029B74BAF8D4}.Debug|Any CPU.Build.0 = Debug|Any CPU
		{946D2E51-5E3D-C0B8-5E45-029B74BAF8D4}.Release|Any CPU.ActiveCfg = Release|Any CPU
		{946D2E51-5E3D-C0B8-5E45-029B74BAF8D4}.Release|Any CPU.Build.0 = Release|Any CPU
		{61F00D57-126C-3E6B-E306-327E26CEFBEC}.Debug|Any CPU.ActiveCfg = Debug|Any CPU
		{61F00D57-126C-3E6B-E306-327E26CEFBEC}.Debug|Any CPU.Build.0 = Debug|Any CPU
		{61F00D57-126C-3E6B-E306-327E26CEFBEC}.Release|Any CPU.ActiveCfg = Release|Any CPU
		{61F00D57-126C-3E6B-E306-327E26CEFBEC}.Release|Any CPU.Build.0 = Release|Any CPU
	EndGlobalSection
	GlobalSection(SolutionProperties) = preSolution
		HideSolutionNode = FALSE
	EndGlobalSection
	GlobalSection(MonoDevelopProperties) = preSolution
		StartupItem = Assembly-CSharp.csproj
	EndGlobalSection
EndGlobal
